
Microsoft Visual Studio Solution File, Format Version 12.00
# Visual Studio Version 16
VisualStudioVersion = 16.0.31019.35
MinimumVisualStudioVersion = 10.0.40219.1
Project("{FAE04EC0-301F-11D3-BF4B-00C04F79EFBC}") = "VSCR.Api", "VSCR.Api.csproj", "{58ED6A7B-51B0-4CBA-B484-BC16457B8EDF}"
EndProject
Global
	GlobalSection(SolutionConfigurationPlatforms) = preSolution
		Debug|Any CPU = Debug|Any CPU
		Release|Any CPU = Release|Any CPU
	EndGlobalSection
	GlobalSection(ProjectConfigurationPlatforms) = postSolution
		{58ED6A7B-51B0-4CBA-B484-BC16457B8EDF}.Debug|Any CPU.ActiveCfg = Debug|Any CPU
		{58ED6A7B-51B0-4CBA-B484-BC16457B8EDF}.Debug|Any CPU.Build.0 = Debug|Any CPU
		{58ED6A7B-51B0-4CBA-B484-BC16457B8EDF}.Release|Any CPU.ActiveCfg = Release|Any CPU
		{58ED6A7B-51B0-4CBA-B484-BC16457B8EDF}.Release|Any CPU.Build.0 = Release|Any CPU
	EndGlobalSection
	GlobalSection(SolutionProperties) = preSolution
		HideSolutionNode = FALSE
	EndGlobalSection
	GlobalSection(ExtensibilityGlobals) = postSolution
		SolutionGuid = {69D6A3D9-04C5-4878-8336-4A9B7EAD5F3C}
	EndGlobalSection
EndGlobal
